
Microsoft Visual Studio Solution File, Format Version 12.00
# Visual Studio 15
VisualStudioVersion = 15.0.26730.16
MinimumVisualStudioVersion = 10.0.40219.1
Project("{FAE04EC0-301F-11D3-BF4B-00C04F79EFBC}") = "Zadatak1", "Zadatak1\Zadatak1.csproj", "{C23F447F-3386-4353-BEAD-8737D95AED0D}"
EndProject
Project("{FAE04EC0-301F-11D3-BF4B-00C04F79EFBC}") = "ConsoleApp1", "ConsoleApp1\ConsoleApp1.csproj", "{17962C3F-27CC-48DC-91B0-0C55B5F9709B}"
EndProject
Project("{FAE04EC0-301F-11D3-BF4B-00C04F79EFBC}") = "Zadatak2", "Zadatak2\Zadatak2.csproj", "{CEC410F1-C54F-4EEF-BB76-87AEBB330014}"
EndProject
Global
	GlobalSection(SolutionConfigurationPlatforms) = preSolution
		Debug|Any CPU = Debug|Any CPU
		Release|Any CPU = Release|Any CPU
	EndGlobalSection
	GlobalSection(ProjectConfigurationPlatforms) = postSolution
		{C23F447F-3386-4353-BEAD-8737D95AED0D}.Debug|Any CPU.ActiveCfg = Debug|Any CPU
		{C23F447F-3386-4353-BEAD-8737D95AED0D}.Debug|Any CPU.Build.0 = Debug|Any CPU
		{C23F447F-3386-4353-BEAD-8737D95AED0D}.Release|Any CPU.ActiveCfg = Release|Any CPU
		{C23F447F-3386-4353-BEAD-8737D95AED0D}.Release|Any CPU.Build.0 = Release|Any CPU
		{17962C3F-27CC-48DC-91B0-0C55B5F9709B}.Debug|Any CPU.ActiveCfg = Debug|Any CPU
		{17962C3F-27CC-48DC-91B0-0C55B5F9709B}.Debug|Any CPU.Build.0 = Debug|Any CPU
		{17962C3F-27CC-48DC-91B0-0C55B5F9709B}.Release|Any CPU.ActiveCfg = Release|Any CPU
		{17962C3F-27CC-48DC-91B0-0C55B5F9709B}.Release|Any CPU.Build.0 = Release|Any CPU
		{CEC410F1-C54F-4EEF-BB76-87AEBB330014}.Debug|Any CPU.ActiveCfg = Debug|Any CPU
		{CEC410F1-C54F-4EEF-BB76-87AEBB330014}.Debug|Any CPU.Build.0 = Debug|Any CPU
		{CEC410F1-C54F-4EEF-BB76-87AEBB330014}.Release|Any CPU.ActiveCfg = Release|Any CPU
		{CEC410F1-C54F-4EEF-BB76-87AEBB330014}.Release|Any CPU.Build.0 = Release|Any CPU
	EndGlobalSection
	GlobalSection(SolutionProperties) = preSolution
		HideSolutionNode = FALSE
	EndGlobalSection
	GlobalSection(ExtensibilityGlobals) = postSolution
		SolutionGuid = {826EDD96-B2A5-4E5C-8031-3D2C0C12B006}
	EndGlobalSection
EndGlobal
